// !$*UTF8*$!
{
	archiveVersion = 1;
	classes = {
	};
	objectVersion = 56;
	objects = {

/* Begin PBXBuildFile section */
		A98FA7652AFA33BC001D24B8 /* PremiumView.swift in Sources */ = {isa = PBXBuildFile; fileRef = A98FA7642AFA33BC001D24B8 /* PremiumView.swift */; };
		A98FA7672AFA44E9001D24B8 /* LocalState.swift in Sources */ = {isa = PBXBuildFile; fileRef = A98FA7662AFA44E9001D24B8 /* LocalState.swift */; };
		A98FA7692AFA4DAD001D24B8 /* FilmCell.swift in Sources */ = {isa = PBXBuildFile; fileRef = A98FA7682AFA4DAD001D24B8 /* FilmCell.swift */; };
		A98FA76B2AFA5253001D24B8 /* SectionHeader.swift in Sources */ = {isa = PBXBuildFile; fileRef = A98FA76A2AFA5253001D24B8 /* SectionHeader.swift */; };
		A98FA7712AFAD301001D24B8 /* UIImageView+Extensions.swift in Sources */ = {isa = PBXBuildFile; fileRef = A98FA7702AFAD301001D24B8 /* UIImageView+Extensions.swift */; };
		A98FA7742AFAD321001D24B8 /* SDWebImage in Frameworks */ = {isa = PBXBuildFile; productRef = A98FA7732AFAD321001D24B8 /* SDWebImage */; };
		A98FA7762AFAD6EE001D24B8 /* LastSearchsCell.swift in Sources */ = {isa = PBXBuildFile; fileRef = A98FA7752AFAD6EE001D24B8 /* LastSearchsCell.swift */; };
		A98FA7782AFB7ADF001D24B8 /* UIView+Extensions.swift in Sources */ = {isa = PBXBuildFile; fileRef = A98FA7772AFB7ADF001D24B8 /* UIView+Extensions.swift */; };
		A98FA77A2AFB7CD7001D24B8 /* CustomAlertViewController.swift in Sources */ = {isa = PBXBuildFile; fileRef = A98FA7792AFB7CD7001D24B8 /* CustomAlertViewController.swift */; };
		A98FA77D2AFB8641001D24B8 /* MainViewModelTest.swift in Sources */ = {isa = PBXBuildFile; fileRef = A98FA77C2AFB8641001D24B8 /* MainViewModelTest.swift */; };
		A98FA7842AFB891C001D24B8 /* SDWebImage in Frameworks */ = {isa = PBXBuildFile; productRef = A98FA7832AFB891C001D24B8 /* SDWebImage */; };
		A98FA7872AFB8DAB001D24B8 /* MockNetworkManager.swift in Sources */ = {isa = PBXBuildFile; fileRef = A98FA7862AFB8DAB001D24B8 /* MockNetworkManager.swift */; };
		A98FA78C2AFBB1D3001D24B8 /* MockDetailView.swift in Sources */ = {isa = PBXBuildFile; fileRef = A98FA78B2AFBB1D3001D24B8 /* MockDetailView.swift */; };
		A9FB58822AF9141C0077B700 /* AppDelegate.swift in Sources */ = {isa = PBXBuildFile; fileRef = A9FB58812AF9141C0077B700 /* AppDelegate.swift */; };
		A9FB58842AF9141C0077B700 /* SceneDelegate.swift in Sources */ = {isa = PBXBuildFile; fileRef = A9FB58832AF9141C0077B700 /* SceneDelegate.swift */; };
		A9FB58862AF9141C0077B700 /* ViewController.swift in Sources */ = {isa = PBXBuildFile; fileRef = A9FB58852AF9141C0077B700 /* ViewController.swift */; };
		A9FB58892AF9141C0077B700 /* Main.storyboard in Resources */ = {isa = PBXBuildFile; fileRef = A9FB58872AF9141C0077B700 /* Main.storyboard */; };
		A9FB588B2AF9141D0077B700 /* Assets.xcassets in Resources */ = {isa = PBXBuildFile; fileRef = A9FB588A2AF9141D0077B700 /* Assets.xcassets */; };
		A9FB588E2AF9141D0077B700 /* LaunchScreen.storyboard in Resources */ = {isa = PBXBuildFile; fileRef = A9FB588C2AF9141D0077B700 /* LaunchScreen.storyboard */; };
		A9FB58A32AF9141D0077B700 /* MovieAppUITests.swift in Sources */ = {isa = PBXBuildFile; fileRef = A9FB58A22AF9141D0077B700 /* MovieAppUITests.swift */; };
		A9FB58A52AF9141D0077B700 /* MovieAppUITestsLaunchTests.swift in Sources */ = {isa = PBXBuildFile; fileRef = A9FB58A42AF9141D0077B700 /* MovieAppUITestsLaunchTests.swift */; };
		A9FB58B92AF9148F0077B700 /* MainView.swift in Sources */ = {isa = PBXBuildFile; fileRef = A9FB58B72AF9148F0077B700 /* MainView.swift */; };
		A9FB58BA2AF9148F0077B700 /* MainViewModel.swift in Sources */ = {isa = PBXBuildFile; fileRef = A9FB58B82AF9148F0077B700 /* MainViewModel.swift */; };
		A9FB58BD2AF9149E0077B700 /* DetailView.swift in Sources */ = {isa = PBXBuildFile; fileRef = A9FB58BB2AF9149E0077B700 /* DetailView.swift */; };
		A9FB58BE2AF9149E0077B700 /* DetailViewModel.swift in Sources */ = {isa = PBXBuildFile; fileRef = A9FB58BC2AF9149E0077B700 /* DetailViewModel.swift */; };
		A9FB58C12AF9153C0077B700 /* ColorManager.swift in Sources */ = {isa = PBXBuildFile; fileRef = A9FB58C02AF9153B0077B700 /* ColorManager.swift */; };
		A9FB58C32AF915620077B700 /* Logger.swift in Sources */ = {isa = PBXBuildFile; fileRef = A9FB58C22AF915620077B700 /* Logger.swift */; };
		A9FB58C92AF915B50077B700 /* CoreNetworkManager.swift in Sources */ = {isa = PBXBuildFile; fileRef = A9FB58C82AF915B50077B700 /* CoreNetworkManager.swift */; };
		A9FB58CC2AF915FC0077B700 /* ErrosTypes.swift in Sources */ = {isa = PBXBuildFile; fileRef = A9FB58CB2AF915FC0077B700 /* ErrosTypes.swift */; };
		A9FB58CE2AF916180077B700 /* HTTPMethod.swift in Sources */ = {isa = PBXBuildFile; fileRef = A9FB58CD2AF916180077B700 /* HTTPMethod.swift */; };
		A9FB58D02AF916520077B700 /* Endpoints.swift in Sources */ = {isa = PBXBuildFile; fileRef = A9FB58CF2AF916520077B700 /* Endpoints.swift */; };
		A9FB58D22AF9185A0077B700 /* FilterType.swift in Sources */ = {isa = PBXBuildFile; fileRef = A9FB58D12AF9185A0077B700 /* FilterType.swift */; };
		A9FB58D52AF926010077B700 /* TitleQueryResponse.swift in Sources */ = {isa = PBXBuildFile; fileRef = A9FB58D42AF926010077B700 /* TitleQueryResponse.swift */; };
		A9FB58D72AF926330077B700 /* NetworkManager.swift in Sources */ = {isa = PBXBuildFile; fileRef = A9FB58D62AF926330077B700 /* NetworkManager.swift */; };
		A9FB58D92AF95CC50077B700 /* SearchResponse.swift in Sources */ = {isa = PBXBuildFile; fileRef = A9FB58D82AF95CC50077B700 /* SearchResponse.swift */; };
		A9FB58DC2AF96EDF0077B700 /* SearchOptionsViewController.swift in Sources */ = {isa = PBXBuildFile; fileRef = A9FB58DB2AF96EDF0077B700 /* SearchOptionsViewController.swift */; };
		A9FB58DF2AF9A26D0077B700 /* SearchOptions.swift in Sources */ = {isa = PBXBuildFile; fileRef = A9FB58DE2AF9A26D0077B700 /* SearchOptions.swift */; };
		A9FB58E12AF9A28B0077B700 /* SearchTypes.swift in Sources */ = {isa = PBXBuildFile; fileRef = A9FB58E02AF9A28B0077B700 /* SearchTypes.swift */; };
/* End PBXBuildFile section */

/* Begin PBXContainerItemProxy section */
		A9FB58952AF9141D0077B700 /* PBXContainerItemProxy */ = {
			isa = PBXContainerItemProxy;
			containerPortal = A9FB58762AF9141C0077B700 /* Project object */;
			proxyType = 1;
			remoteGlobalIDString = A9FB587D2AF9141C0077B700;
			remoteInfo = MovieApp;
		};
		A9FB589F2AF9141D0077B700 /* PBXContainerItemProxy */ = {
			isa = PBXContainerItemProxy;
			containerPortal = A9FB58762AF9141C0077B700 /* Project object */;
			proxyType = 1;
			remoteGlobalIDString = A9FB587D2AF9141C0077B700;
			remoteInfo = MovieApp;
		};
/* End PBXContainerItemProxy section */

/* Begin PBXFileReference section */
		A98FA7642AFA33BC001D24B8 /* PremiumView.swift */ = {isa = PBXFileReference; lastKnownFileType = sourcecode.swift; path = PremiumView.swift; sourceTree = "<group>"; };
		A98FA7662AFA44E9001D24B8 /* LocalState.swift */ = {isa = PBXFileReference; lastKnownFileType = sourcecode.swift; path = LocalState.swift; sourceTree = "<group>"; };
		A98FA7682AFA4DAD001D24B8 /* FilmCell.swift */ = {isa = PBXFileReference; lastKnownFileType = sourcecode.swift; path = FilmCell.swift; sourceTree = "<group>"; };
		A98FA76A2AFA5253001D24B8 /* SectionHeader.swift */ = {isa = PBXFileReference; lastKnownFileType = sourcecode.swift; path = SectionHeader.swift; sourceTree = "<group>"; };
		A98FA7702AFAD301001D24B8 /* UIImageView+Extensions.swift */ = {isa = PBXFileReference; lastKnownFileType = sourcecode.swift; path = "UIImageView+Extensions.swift"; sourceTree = "<group>"; };
		A98FA7752AFAD6EE001D24B8 /* LastSearchsCell.swift */ = {isa = PBXFileReference; lastKnownFileType = sourcecode.swift; path = LastSearchsCell.swift; sourceTree = "<group>"; };
		A98FA7772AFB7ADF001D24B8 /* UIView+Extensions.swift */ = {isa = PBXFileReference; lastKnownFileType = sourcecode.swift; path = "UIView+Extensions.swift"; sourceTree = "<group>"; };
		A98FA7792AFB7CD7001D24B8 /* CustomAlertViewController.swift */ = {isa = PBXFileReference; lastKnownFileType = sourcecode.swift; path = CustomAlertViewController.swift; sourceTree = "<group>"; };
		A98FA77C2AFB8641001D24B8 /* MainViewModelTest.swift */ = {isa = PBXFileReference; lastKnownFileType = sourcecode.swift; path = MainViewModelTest.swift; sourceTree = "<group>"; };
		A98FA7862AFB8DAB001D24B8 /* MockNetworkManager.swift */ = {isa = PBXFileReference; lastKnownFileType = sourcecode.swift; path = MockNetworkManager.swift; sourceTree = "<group>"; };
		A98FA78B2AFBB1D3001D24B8 /* MockDetailView.swift */ = {isa = PBXFileReference; lastKnownFileType = sourcecode.swift; path = MockDetailView.swift; sourceTree = "<group>"; };
		A9FB587E2AF9141C0077B700 /* MovieApp.app */ = {isa = PBXFileReference; explicitFileType = wrapper.application; includeInIndex = 0; path = MovieApp.app; sourceTree = BUILT_PRODUCTS_DIR; };
		A9FB58812AF9141C0077B700 /* AppDelegate.swift */ = {isa = PBXFileReference; lastKnownFileType = sourcecode.swift; path = AppDelegate.swift; sourceTree = "<group>"; };
		A9FB58832AF9141C0077B700 /* SceneDelegate.swift */ = {isa = PBXFileReference; lastKnownFileType = sourcecode.swift; path = SceneDelegate.swift; sourceTree = "<group>"; };
		A9FB58852AF9141C0077B700 /* ViewController.swift */ = {isa = PBXFileReference; lastKnownFileType = sourcecode.swift; path = ViewController.swift; sourceTree = "<group>"; };
		A9FB58882AF9141C0077B700 /* Base */ = {isa = PBXFileReference; lastKnownFileType = file.storyboard; name = Base; path = Base.lproj/Main.storyboard; sourceTree = "<group>"; };
		A9FB588A2AF9141D0077B700 /* Assets.xcassets */ = {isa = PBXFileReference; lastKnownFileType = folder.assetcatalog; path = Assets.xcassets; sourceTree = "<group>"; };
		A9FB588D2AF9141D0077B700 /* Base */ = {isa = PBXFileReference; lastKnownFileType = file.storyboard; name = Base; path = Base.lproj/LaunchScreen.storyboard; sourceTree = "<group>"; };
		A9FB588F2AF9141D0077B700 /* Info.plist */ = {isa = PBXFileReference; lastKnownFileType = text.plist.xml; path = Info.plist; sourceTree = "<group>"; };
		A9FB58942AF9141D0077B700 /* MovieAppTests.xctest */ = {isa = PBXFileReference; explicitFileType = wrapper.cfbundle; includeInIndex = 0; path = MovieAppTests.xctest; sourceTree = BUILT_PRODUCTS_DIR; };
		A9FB589E2AF9141D0077B700 /* MovieAppUITests.xctest */ = {isa = PBXFileReference; explicitFileType = wrapper.cfbundle; includeInIndex = 0; path = MovieAppUITests.xctest; sourceTree = BUILT_PRODUCTS_DIR; };
		A9FB58A22AF9141D0077B700 /* MovieAppUITests.swift */ = {isa = PBXFileReference; lastKnownFileType = sourcecode.swift; path = MovieAppUITests.swift; sourceTree = "<group>"; };
		A9FB58A42AF9141D0077B700 /* MovieAppUITestsLaunchTests.swift */ = {isa = PBXFileReference; lastKnownFileType = sourcecode.swift; path = MovieAppUITestsLaunchTests.swift; sourceTree = "<group>"; };
		A9FB58B72AF9148F0077B700 /* MainView.swift */ = {isa = PBXFileReference; lastKnownFileType = sourcecode.swift; path = MainView.swift; sourceTree = "<group>"; };
		A9FB58B82AF9148F0077B700 /* MainViewModel.swift */ = {isa = PBXFileReference; lastKnownFileType = sourcecode.swift; path = MainViewModel.swift; sourceTree = "<group>"; };
		A9FB58BB2AF9149E0077B700 /* DetailView.swift */ = {isa = PBXFileReference; lastKnownFileType = sourcecode.swift; path = DetailView.swift; sourceTree = "<group>"; };
		A9FB58BC2AF9149E0077B700 /* DetailViewModel.swift */ = {isa = PBXFileReference; lastKnownFileType = sourcecode.swift; path = DetailViewModel.swift; sourceTree = "<group>"; };
		A9FB58C02AF9153B0077B700 /* ColorManager.swift */ = {isa = PBXFileReference; lastKnownFileType = sourcecode.swift; path = ColorManager.swift; sourceTree = "<group>"; };
		A9FB58C22AF915620077B700 /* Logger.swift */ = {isa = PBXFileReference; lastKnownFileType = sourcecode.swift; path = Logger.swift; sourceTree = "<group>"; };
		A9FB58C82AF915B50077B700 /* CoreNetworkManager.swift */ = {isa = PBXFileReference; lastKnownFileType = sourcecode.swift; path = CoreNetworkManager.swift; sourceTree = "<group>"; };
		A9FB58CB2AF915FC0077B700 /* ErrosTypes.swift */ = {isa = PBXFileReference; lastKnownFileType = sourcecode.swift; path = ErrosTypes.swift; sourceTree = "<group>"; };
		A9FB58CD2AF916180077B700 /* HTTPMethod.swift */ = {isa = PBXFileReference; lastKnownFileType = sourcecode.swift; path = HTTPMethod.swift; sourceTree = "<group>"; };
		A9FB58CF2AF916520077B700 /* Endpoints.swift */ = {isa = PBXFileReference; lastKnownFileType = sourcecode.swift; path = Endpoints.swift; sourceTree = "<group>"; };
		A9FB58D12AF9185A0077B700 /* FilterType.swift */ = {isa = PBXFileReference; lastKnownFileType = sourcecode.swift; path = FilterType.swift; sourceTree = "<group>"; };
		A9FB58D42AF926010077B700 /* TitleQueryResponse.swift */ = {isa = PBXFileReference; lastKnownFileType = sourcecode.swift; path = TitleQueryResponse.swift; sourceTree = "<group>"; };
		A9FB58D62AF926330077B700 /* NetworkManager.swift */ = {isa = PBXFileReference; lastKnownFileType = sourcecode.swift; path = NetworkManager.swift; sourceTree = "<group>"; };
		A9FB58D82AF95CC50077B700 /* SearchResponse.swift */ = {isa = PBXFileReference; lastKnownFileType = sourcecode.swift; path = SearchResponse.swift; sourceTree = "<group>"; };
		A9FB58DB2AF96EDF0077B700 /* SearchOptionsViewController.swift */ = {isa = PBXFileReference; lastKnownFileType = sourcecode.swift; path = SearchOptionsViewController.swift; sourceTree = "<group>"; };
		A9FB58DE2AF9A26D0077B700 /* SearchOptions.swift */ = {isa = PBXFileReference; lastKnownFileType = sourcecode.swift; path = SearchOptions.swift; sourceTree = "<group>"; };
		A9FB58E02AF9A28B0077B700 /* SearchTypes.swift */ = {isa = PBXFileReference; lastKnownFileType = sourcecode.swift; path = SearchTypes.swift; sourceTree = "<group>"; };
/* End PBXFileReference section */

/* Begin PBXFrameworksBuildPhase section */
		A9FB587B2AF9141C0077B700 /* Frameworks */ = {
			isa = PBXFrameworksBuildPhase;
			buildActionMask = 2147483647;
			files = (
				A98FA7742AFAD321001D24B8 /* SDWebImage in Frameworks */,
			);
			runOnlyForDeploymentPostprocessing = 0;
		};
		A9FB58912AF9141D0077B700 /* Frameworks */ = {
			isa = PBXFrameworksBuildPhase;
			buildActionMask = 2147483647;
			files = (
				A98FA7842AFB891C001D24B8 /* SDWebImage in Frameworks */,
			);
			runOnlyForDeploymentPostprocessing = 0;
		};
		A9FB589B2AF9141D0077B700 /* Frameworks */ = {
			isa = PBXFrameworksBuildPhase;
			buildActionMask = 2147483647;
			files = (
			);
			runOnlyForDeploymentPostprocessing = 0;
		};
/* End PBXFrameworksBuildPhase section */

/* Begin PBXGroup section */
		A98FA76E2AFA67B1001D24B8 /* Cells&Headers */ = {
			isa = PBXGroup;
			children = (
				A98FA7682AFA4DAD001D24B8 /* FilmCell.swift */,
				A98FA76A2AFA5253001D24B8 /* SectionHeader.swift */,
				A98FA7752AFAD6EE001D24B8 /* LastSearchsCell.swift */,
			);
			path = "Cells&Headers";
			sourceTree = "<group>";
		};
		A98FA76F2AFAD2E8001D24B8 /* Extensions */ = {
			isa = PBXGroup;
			children = (
				A98FA7702AFAD301001D24B8 /* UIImageView+Extensions.swift */,
				A98FA7772AFB7ADF001D24B8 /* UIView+Extensions.swift */,
			);
			path = Extensions;
			sourceTree = "<group>";
		};
		A98FA77B2AFB8620001D24B8 /* MainView */ = {
			isa = PBXGroup;
			children = (
				A98FA77C2AFB8641001D24B8 /* MainViewModelTest.swift */,
			);
			path = MainView;
			sourceTree = "<group>";
		};
		A98FA77E2AFB87D0001D24B8 /* Frameworks */ = {
			isa = PBXGroup;
			children = (
			);
			name = Frameworks;
			sourceTree = "<group>";
		};
		A98FA7852AFB8D95001D24B8 /* MockNetworkManager */ = {
			isa = PBXGroup;
			children = (
				A98FA7862AFB8DAB001D24B8 /* MockNetworkManager.swift */,
			);
			path = MockNetworkManager;
			sourceTree = "<group>";
		};
		A98FA78A2AFBB1B6001D24B8 /* DetailView */ = {
			isa = PBXGroup;
			children = (
				A98FA78B2AFBB1D3001D24B8 /* MockDetailView.swift */,
			);
			path = DetailView;
			sourceTree = "<group>";
		};
		A9FB58752AF9141C0077B700 = {
			isa = PBXGroup;
			children = (
				A9FB58802AF9141C0077B700 /* MovieApp */,
				A9FB58972AF9141D0077B700 /* MovieAppTests */,
				A9FB58A12AF9141D0077B700 /* MovieAppUITests */,
				A9FB587F2AF9141C0077B700 /* Products */,
				A98FA77E2AFB87D0001D24B8 /* Frameworks */,
			);
			sourceTree = "<group>";
		};
		A9FB587F2AF9141C0077B700 /* Products */ = {
			isa = PBXGroup;
			children = (
				A9FB587E2AF9141C0077B700 /* MovieApp.app */,
				A9FB58942AF9141D0077B700 /* MovieAppTests.xctest */,
				A9FB589E2AF9141D0077B700 /* MovieAppUITests.xctest */,
			);
			name = Products;
			sourceTree = "<group>";
		};
		A9FB58802AF9141C0077B700 /* MovieApp */ = {
			isa = PBXGroup;
			children = (
				A98FA76F2AFAD2E8001D24B8 /* Extensions */,
				A9FB58B12AF914260077B700 /* AppDelegates */,
				A9FB58B22AF914370077B700 /* Base */,
				A9FB58CA2AF915EE0077B700 /* Enums */,
				A9FB588F2AF9141D0077B700 /* Info.plist */,
				A9FB58BF2AF9152D0077B700 /* Managers */,
				A9FB58D32AF925F20077B700 /* Models */,
				A9FB58B32AF914500077B700 /* Resources */,
				A9FB58B42AF914660077B700 /* Scenes */,
				A9FB58DA2AF96EA70077B700 /* Views */,
			);
			path = MovieApp;
			sourceTree = "<group>";
		};
		A9FB58972AF9141D0077B700 /* MovieAppTests */ = {
			isa = PBXGroup;
			children = (
				A98FA78A2AFBB1B6001D24B8 /* DetailView */,
				A98FA7852AFB8D95001D24B8 /* MockNetworkManager */,
				A98FA77B2AFB8620001D24B8 /* MainView */,
			);
			path = MovieAppTests;
			sourceTree = "<group>";
		};
		A9FB58A12AF9141D0077B700 /* MovieAppUITests */ = {
			isa = PBXGroup;
			children = (
				A9FB58A22AF9141D0077B700 /* MovieAppUITests.swift */,
				A9FB58A42AF9141D0077B700 /* MovieAppUITestsLaunchTests.swift */,
			);
			path = MovieAppUITests;
			sourceTree = "<group>";
		};
		A9FB58B12AF914260077B700 /* AppDelegates */ = {
			isa = PBXGroup;
			children = (
				A9FB58812AF9141C0077B700 /* AppDelegate.swift */,
				A9FB58832AF9141C0077B700 /* SceneDelegate.swift */,
			);
			path = AppDelegates;
			sourceTree = "<group>";
		};
		A9FB58B22AF914370077B700 /* Base */ = {
			isa = PBXGroup;
			children = (
				A9FB588C2AF9141D0077B700 /* LaunchScreen.storyboard */,
				A9FB58852AF9141C0077B700 /* ViewController.swift */,
				A9FB58872AF9141C0077B700 /* Main.storyboard */,
			);
			path = Base;
			sourceTree = "<group>";
		};
		A9FB58B32AF914500077B700 /* Resources */ = {
			isa = PBXGroup;
			children = (
				A9FB588A2AF9141D0077B700 /* Assets.xcassets */,
			);
			path = Resources;
			sourceTree = "<group>";
		};
		A9FB58B42AF914660077B700 /* Scenes */ = {
			isa = PBXGroup;
			children = (
				A9FB58B62AF9147B0077B700 /* DetailView */,
				A9FB58B52AF914740077B700 /* MainView */,
			);
			path = Scenes;
			sourceTree = "<group>";
		};
		A9FB58B52AF914740077B700 /* MainView */ = {
			isa = PBXGroup;
			children = (
				A9FB58B72AF9148F0077B700 /* MainView.swift */,
				A9FB58B82AF9148F0077B700 /* MainViewModel.swift */,
			);
			path = MainView;
			sourceTree = "<group>";
		};
		A9FB58B62AF9147B0077B700 /* DetailView */ = {
			isa = PBXGroup;
			children = (
				A9FB58BB2AF9149E0077B700 /* DetailView.swift */,
				A9FB58BC2AF9149E0077B700 /* DetailViewModel.swift */,
			);
			path = DetailView;
			sourceTree = "<group>";
		};
		A9FB58BF2AF9152D0077B700 /* Managers */ = {
			isa = PBXGroup;
			children = (
				A9FB58C62AF9159C0077B700 /* Logger */,
				A9FB58C52AF9158C0077B700 /* ColorManager */,
				A9FB58C42AF915800077B700 /* NetworkManager */,
			);
			path = Managers;
			sourceTree = "<group>";
		};
		A9FB58C42AF915800077B700 /* NetworkManager */ = {
			isa = PBXGroup;
			children = (
				A9FB58C72AF915A50077B700 /* CoreNetwork */,
				A9FB58CF2AF916520077B700 /* Endpoints.swift */,
				A9FB58D62AF926330077B700 /* NetworkManager.swift */,
			);
			path = NetworkManager;
			sourceTree = "<group>";
		};
		A9FB58C52AF9158C0077B700 /* ColorManager */ = {
			isa = PBXGroup;
			children = (
				A9FB58C02AF9153B0077B700 /* ColorManager.swift */,
			);
			path = ColorManager;
			sourceTree = "<group>";
		};
		A9FB58C62AF9159C0077B700 /* Logger */ = {
			isa = PBXGroup;
			children = (
				A9FB58C22AF915620077B700 /* Logger.swift */,
			);
			path = Logger;
			sourceTree = "<group>";
		};
		A9FB58C72AF915A50077B700 /* CoreNetwork */ = {
			isa = PBXGroup;
			children = (
				A9FB58C82AF915B50077B700 /* CoreNetworkManager.swift */,
			);
			path = CoreNetwork;
			sourceTree = "<group>";
		};
		A9FB58CA2AF915EE0077B700 /* Enums */ = {
			isa = PBXGroup;
			children = (
				A9FB58CB2AF915FC0077B700 /* ErrosTypes.swift */,
				A9FB58CD2AF916180077B700 /* HTTPMethod.swift */,
				A9FB58D12AF9185A0077B700 /* FilterType.swift */,
				A9FB58E02AF9A28B0077B700 /* SearchTypes.swift */,
				A98FA7662AFA44E9001D24B8 /* LocalState.swift */,
			);
			path = Enums;
			sourceTree = "<group>";
		};
		A9FB58D32AF925F20077B700 /* Models */ = {
			isa = PBXGroup;
			children = (
				A9FB58DD2AF9A2530077B700 /* ResponseModels */,
				A9FB58DE2AF9A26D0077B700 /* SearchOptions.swift */,
			);
			path = Models;
			sourceTree = "<group>";
		};
		A9FB58DA2AF96EA70077B700 /* Views */ = {
			isa = PBXGroup;
			children = (
				A98FA76E2AFA67B1001D24B8 /* Cells&Headers */,
				A9FB58DB2AF96EDF0077B700 /* SearchOptionsViewController.swift */,
				A98FA7642AFA33BC001D24B8 /* PremiumView.swift */,
				A98FA7792AFB7CD7001D24B8 /* CustomAlertViewController.swift */,
			);
			path = Views;
			sourceTree = "<group>";
		};
		A9FB58DD2AF9A2530077B700 /* ResponseModels */ = {
			isa = PBXGroup;
			children = (
				A9FB58D42AF926010077B700 /* TitleQueryResponse.swift */,
				A9FB58D82AF95CC50077B700 /* SearchResponse.swift */,
			);
			path = ResponseModels;
			sourceTree = "<group>";
		};
/* End PBXGroup section */

/* Begin PBXNativeTarget section */
		A9FB587D2AF9141C0077B700 /* MovieApp */ = {
			isa = PBXNativeTarget;
			buildConfigurationList = A9FB58A82AF9141D0077B700 /* Build configuration list for PBXNativeTarget "MovieApp" */;
			buildPhases = (
				A9FB587A2AF9141C0077B700 /* Sources */,
				A9FB587B2AF9141C0077B700 /* Frameworks */,
				A9FB587C2AF9141C0077B700 /* Resources */,
			);
			buildRules = (
			);
			dependencies = (
			);
			name = MovieApp;
			packageProductDependencies = (
				A98FA7732AFAD321001D24B8 /* SDWebImage */,
			);
			productName = MovieApp;
			productReference = A9FB587E2AF9141C0077B700 /* MovieApp.app */;
			productType = "com.apple.product-type.application";
		};
		A9FB58932AF9141D0077B700 /* MovieAppTests */ = {
			isa = PBXNativeTarget;
			buildConfigurationList = A9FB58AB2AF9141D0077B700 /* Build configuration list for PBXNativeTarget "MovieAppTests" */;
			buildPhases = (
				A9FB58902AF9141D0077B700 /* Sources */,
				A9FB58912AF9141D0077B700 /* Frameworks */,
				A9FB58922AF9141D0077B700 /* Resources */,
			);
			buildRules = (
			);
			dependencies = (
				A9FB58962AF9141D0077B700 /* PBXTargetDependency */,
			);
			name = MovieAppTests;
			packageProductDependencies = (
				A98FA7832AFB891C001D24B8 /* SDWebImage */,
			);
			productName = MovieAppTests;
			productReference = A9FB58942AF9141D0077B700 /* MovieAppTests.xctest */;
			productType = "com.apple.product-type.bundle.unit-test";
		};
		A9FB589D2AF9141D0077B700 /* MovieAppUITests */ = {
			isa = PBXNativeTarget;
			buildConfigurationList = A9FB58AE2AF9141D0077B700 /* Build configuration list for PBXNativeTarget "MovieAppUITests" */;
			buildPhases = (
				A9FB589A2AF9141D0077B700 /* Sources */,
				A9FB589B2AF9141D0077B700 /* Frameworks */,
				A9FB589C2AF9141D0077B700 /* Resources */,
			);
			buildRules = (
			);
			dependencies = (
				A9FB58A02AF9141D0077B700 /* PBXTargetDependency */,
			);
			name = MovieAppUITests;
			productName = MovieAppUITests;
			productReference = A9FB589E2AF9141D0077B700 /* MovieAppUITests.xctest */;
			productType = "com.apple.product-type.bundle.ui-testing";
		};
/* End PBXNativeTarget section */

/* Begin PBXProject section */
		A9FB58762AF9141C0077B700 /* Project object */ = {
			isa = PBXProject;
			attributes = {
				BuildIndependentTargetsInParallel = 1;
				LastSwiftUpdateCheck = 1430;
				LastUpgradeCheck = 1430;
				TargetAttributes = {
					A9FB587D2AF9141C0077B700 = {
						CreatedOnToolsVersion = 14.3;
					};
					A9FB58932AF9141D0077B700 = {
						CreatedOnToolsVersion = 14.3;
						TestTargetID = A9FB587D2AF9141C0077B700;
					};
					A9FB589D2AF9141D0077B700 = {
						CreatedOnToolsVersion = 14.3;
						TestTargetID = A9FB587D2AF9141C0077B700;
					};
				};
			};
			buildConfigurationList = A9FB58792AF9141C0077B700 /* Build configuration list for PBXProject "MovieApp" */;
			compatibilityVersion = "Xcode 14.0";
			developmentRegion = en;
			hasScannedForEncodings = 0;
			knownRegions = (
				en,
				Base,
			);
			mainGroup = A9FB58752AF9141C0077B700;
			packageReferences = (
				A98FA7722AFAD321001D24B8 /* XCRemoteSwiftPackageReference "SDWebImage" */,
			);
			productRefGroup = A9FB587F2AF9141C0077B700 /* Products */;
			projectDirPath = "";
			projectRoot = "";
			targets = (
				A9FB587D2AF9141C0077B700 /* MovieApp */,
				A9FB58932AF9141D0077B700 /* MovieAppTests */,
				A9FB589D2AF9141D0077B700 /* MovieAppUITests */,
			);
		};
/* End PBXProject section */

/* Begin PBXResourcesBuildPhase section */
		A9FB587C2AF9141C0077B700 /* Resources */ = {
			isa = PBXResourcesBuildPhase;
			buildActionMask = 2147483647;
			files = (
				A9FB588E2AF9141D0077B700 /* LaunchScreen.storyboard in Resources */,
				A9FB588B2AF9141D0077B700 /* Assets.xcassets in Resources */,
				A9FB58892AF9141C0077B700 /* Main.storyboard in Resources */,
			);
			runOnlyForDeploymentPostprocessing = 0;
		};
		A9FB58922AF9141D0077B700 /* Resources */ = {
			isa = PBXResourcesBuildPhase;
			buildActionMask = 2147483647;
			files = (
			);
			runOnlyForDeploymentPostprocessing = 0;
		};
		A9FB589C2AF9141D0077B700 /* Resources */ = {
			isa = PBXResourcesBuildPhase;
			buildActionMask = 2147483647;
			files = (
			);
			runOnlyForDeploymentPostprocessing = 0;
		};
/* End PBXResourcesBuildPhase section */

/* Begin PBXSourcesBuildPhase section */
		A9FB587A2AF9141C0077B700 /* Sources */ = {
			isa = PBXSourcesBuildPhase;
			buildActionMask = 2147483647;
			files = (
				A98FA7762AFAD6EE001D24B8 /* LastSearchsCell.swift in Sources */,
				A98FA7712AFAD301001D24B8 /* UIImageView+Extensions.swift in Sources */,
				A9FB58BA2AF9148F0077B700 /* MainViewModel.swift in Sources */,
				A98FA77A2AFB7CD7001D24B8 /* CustomAlertViewController.swift in Sources */,
				A9FB58BD2AF9149E0077B700 /* DetailView.swift in Sources */,
				A9FB58D02AF916520077B700 /* Endpoints.swift in Sources */,
				A9FB58BE2AF9149E0077B700 /* DetailViewModel.swift in Sources */,
				A9FB58D72AF926330077B700 /* NetworkManager.swift in Sources */,
				A98FA7652AFA33BC001D24B8 /* PremiumView.swift in Sources */,
				A9FB58D92AF95CC50077B700 /* SearchResponse.swift in Sources */,
				A9FB58862AF9141C0077B700 /* ViewController.swift in Sources */,
				A9FB58E12AF9A28B0077B700 /* SearchTypes.swift in Sources */,
				A9FB58D52AF926010077B700 /* TitleQueryResponse.swift in Sources */,
				A9FB58CC2AF915FC0077B700 /* ErrosTypes.swift in Sources */,
				A9FB58DF2AF9A26D0077B700 /* SearchOptions.swift in Sources */,
				A98FA7782AFB7ADF001D24B8 /* UIView+Extensions.swift in Sources */,
				A9FB58C32AF915620077B700 /* Logger.swift in Sources */,
				A9FB58D22AF9185A0077B700 /* FilterType.swift in Sources */,
				A9FB58B92AF9148F0077B700 /* MainView.swift in Sources */,
				A98FA7692AFA4DAD001D24B8 /* FilmCell.swift in Sources */,
				A9FB58822AF9141C0077B700 /* AppDelegate.swift in Sources */,
				A9FB58CE2AF916180077B700 /* HTTPMethod.swift in Sources */,
				A9FB58C92AF915B50077B700 /* CoreNetworkManager.swift in Sources */,
				A9FB58DC2AF96EDF0077B700 /* SearchOptionsViewController.swift in Sources */,
				A98FA76B2AFA5253001D24B8 /* SectionHeader.swift in Sources */,
				A9FB58842AF9141C0077B700 /* SceneDelegate.swift in Sources */,
				A9FB58C12AF9153C0077B700 /* ColorManager.swift in Sources */,
				A98FA7672AFA44E9001D24B8 /* LocalState.swift in Sources */,
			);
			runOnlyForDeploymentPostprocessing = 0;
		};
		A9FB58902AF9141D0077B700 /* Sources */ = {
			isa = PBXSourcesBuildPhase;
			buildActionMask = 2147483647;
			files = (
				A98FA78C2AFBB1D3001D24B8 /* MockDetailView.swift in Sources */,
				A98FA7872AFB8DAB001D24B8 /* MockNetworkManager.swift in Sources */,
				A98FA77D2AFB8641001D24B8 /* MainViewModelTest.swift in Sources */,
			);
			runOnlyForDeploymentPostprocessing = 0;
		};
		A9FB589A2AF9141D0077B700 /* Sources */ = {
			isa = PBXSourcesBuildPhase;
			buildActionMask = 2147483647;
			files = (
				A9FB58A52AF9141D0077B700 /* MovieAppUITestsLaunchTests.swift in Sources */,
				A9FB58A32AF9141D0077B700 /* MovieAppUITests.swift in Sources */,
			);
			runOnlyForDeploymentPostprocessing = 0;
		};
/* End PBXSourcesBuildPhase section */

/* Begin PBXTargetDependency section */
		A9FB58962AF9141D0077B700 /* PBXTargetDependency */ = {
			isa = PBXTargetDependency;
			target = A9FB587D2AF9141C0077B700 /* MovieApp */;
			targetProxy = A9FB58952AF9141D0077B700 /* PBXContainerItemProxy */;
		};
		A9FB58A02AF9141D0077B700 /* PBXTargetDependency */ = {
			isa = PBXTargetDependency;
			target = A9FB587D2AF9141C0077B700 /* MovieApp */;
			targetProxy = A9FB589F2AF9141D0077B700 /* PBXContainerItemProxy */;
		};
/* End PBXTargetDependency section */

/* Begin PBXVariantGroup section */
		A9FB58872AF9141C0077B700 /* Main.storyboard */ = {
			isa = PBXVariantGroup;
			children = (
				A9FB58882AF9141C0077B700 /* Base */,
			);
			name = Main.storyboard;
			sourceTree = "<group>";
		};
		A9FB588C2AF9141D0077B700 /* LaunchScreen.storyboard */ = {
			isa = PBXVariantGroup;
			children = (
				A9FB588D2AF9141D0077B700 /* Base */,
			);
			name = LaunchScreen.storyboard;
			sourceTree = "<group>";
		};
/* End PBXVariantGroup section */

/* Begin XCBuildConfiguration section */
		A9FB58A62AF9141D0077B700 /* Debug */ = {
			isa = XCBuildConfiguration;
			buildSettings = {
				ALWAYS_SEARCH_USER_PATHS = NO;
				CLANG_ANALYZER_NONNULL = YES;
				CLANG_ANALYZER_NUMBER_OBJECT_CONVERSION = YES_AGGRESSIVE;
				CLANG_CXX_LANGUAGE_STANDARD = "gnu++20";
				CLANG_ENABLE_MODULES = YES;
				CLANG_ENABLE_OBJC_ARC = YES;
				CLANG_ENABLE_OBJC_WEAK = YES;
				CLANG_WARN_BLOCK_CAPTURE_AUTORELEASING = YES;
				CLANG_WARN_BOOL_CONVERSION = YES;
				CLANG_WARN_COMMA = YES;
				CLANG_WARN_CONSTANT_CONVERSION = YES;
				CLANG_WARN_DEPRECATED_OBJC_IMPLEMENTATIONS = YES;
				CLANG_WARN_DIRECT_OBJC_ISA_USAGE = YES_ERROR;
				CLANG_WARN_DOCUMENTATION_COMMENTS = YES;
				CLANG_WARN_EMPTY_BODY = YES;
				CLANG_WARN_ENUM_CONVERSION = YES;
				CLANG_WARN_INFINITE_RECURSION = YES;
				CLANG_WARN_INT_CONVERSION = YES;
				CLANG_WARN_NON_LITERAL_NULL_CONVERSION = YES;
				CLANG_WARN_OBJC_IMPLICIT_RETAIN_SELF = YES;
				CLANG_WARN_OBJC_LITERAL_CONVERSION = YES;
				CLANG_WARN_OBJC_ROOT_CLASS = YES_ERROR;
				CLANG_WARN_QUOTED_INCLUDE_IN_FRAMEWORK_HEADER = YES;
				CLANG_WARN_RANGE_LOOP_ANALYSIS = YES;
				CLANG_WARN_STRICT_PROTOTYPES = YES;
				CLANG_WARN_SUSPICIOUS_MOVE = YES;
				CLANG_WARN_UNGUARDED_AVAILABILITY = YES_AGGRESSIVE;
				CLANG_WARN_UNREACHABLE_CODE = YES;
				CLANG_WARN__DUPLICATE_METHOD_MATCH = YES;
				COPY_PHASE_STRIP = NO;
				DEBUG_INFORMATION_FORMAT = dwarf;
				ENABLE_STRICT_OBJC_MSGSEND = YES;
				ENABLE_TESTABILITY = YES;
				GCC_C_LANGUAGE_STANDARD = gnu11;
				GCC_DYNAMIC_NO_PIC = NO;
				GCC_NO_COMMON_BLOCKS = YES;
				GCC_OPTIMIZATION_LEVEL = 0;
				GCC_PREPROCESSOR_DEFINITIONS = (
					"DEBUG=1",
					"$(inherited)",
				);
				GCC_WARN_64_TO_32_BIT_CONVERSION = YES;
				GCC_WARN_ABOUT_RETURN_TYPE = YES_ERROR;
				GCC_WARN_UNDECLARED_SELECTOR = YES;
				GCC_WARN_UNINITIALIZED_AUTOS = YES_AGGRESSIVE;
				GCC_WARN_UNUSED_FUNCTION = YES;
				GCC_WARN_UNUSED_VARIABLE = YES;
				IPHONEOS_DEPLOYMENT_TARGET = 16.4;
				MTL_ENABLE_DEBUG_INFO = INCLUDE_SOURCE;
				MTL_FAST_MATH = YES;
				ONLY_ACTIVE_ARCH = YES;
				SDKROOT = iphoneos;
				SWIFT_ACTIVE_COMPILATION_CONDITIONS = DEBUG;
				SWIFT_OPTIMIZATION_LEVEL = "-Onone";
			};
			name = Debug;
		};
		A9FB58A72AF9141D0077B700 /* Release */ = {
			isa = XCBuildConfiguration;
			buildSettings = {
				ALWAYS_SEARCH_USER_PATHS = NO;
				CLANG_ANALYZER_NONNULL = YES;
				CLANG_ANALYZER_NUMBER_OBJECT_CONVERSION = YES_AGGRESSIVE;
				CLANG_CXX_LANGUAGE_STANDARD = "gnu++20";
				CLANG_ENABLE_MODULES = YES;
				CLANG_ENABLE_OBJC_ARC = YES;
				CLANG_ENABLE_OBJC_WEAK = YES;
				CLANG_WARN_BLOCK_CAPTURE_AUTORELEASING = YES;
				CLANG_WARN_BOOL_CONVERSION = YES;
				CLANG_WARN_COMMA = YES;
				CLANG_WARN_CONSTANT_CONVERSION = YES;
				CLANG_WARN_DEPRECATED_OBJC_IMPLEMENTATIONS = YES;
				CLANG_WARN_DIRECT_OBJC_ISA_USAGE = YES_ERROR;
				CLANG_WARN_DOCUMENTATION_COMMENTS = YES;
				CLANG_WARN_EMPTY_BODY = YES;
				CLANG_WARN_ENUM_CONVERSION = YES;
				CLANG_WARN_INFINITE_RECURSION = YES;
				CLANG_WARN_INT_CONVERSION = YES;
				CLANG_WARN_NON_LITERAL_NULL_CONVERSION = YES;
				CLANG_WARN_OBJC_IMPLICIT_RETAIN_SELF = YES;
				CLANG_WARN_OBJC_LITERAL_CONVERSION = YES;
				CLANG_WARN_OBJC_ROOT_CLASS = YES_ERROR;
				CLANG_WARN_QUOTED_INCLUDE_IN_FRAMEWORK_HEADER = YES;
				CLANG_WARN_RANGE_LOOP_ANALYSIS = YES;
				CLANG_WARN_STRICT_PROTOTYPES = YES;
				CLANG_WARN_SUSPICIOUS_MOVE = YES;
				CLANG_WARN_UNGUARDED_AVAILABILITY = YES_AGGRESSIVE;
				CLANG_WARN_UNREACHABLE_CODE = YES;
				CLANG_WARN__DUPLICATE_METHOD_MATCH = YES;
				COPY_PHASE_STRIP = NO;
				DEBUG_INFORMATION_FORMAT = "dwarf-with-dsym";
				ENABLE_NS_ASSERTIONS = NO;
				ENABLE_STRICT_OBJC_MSGSEND = YES;
				GCC_C_LANGUAGE_STANDARD = gnu11;
				GCC_NO_COMMON_BLOCKS = YES;
				GCC_WARN_64_TO_32_BIT_CONVERSION = YES;
				GCC_WARN_ABOUT_RETURN_TYPE = YES_ERROR;
				GCC_WARN_UNDECLARED_SELECTOR = YES;
				GCC_WARN_UNINITIALIZED_AUTOS = YES_AGGRESSIVE;
				GCC_WARN_UNUSED_FUNCTION = YES;
				GCC_WARN_UNUSED_VARIABLE = YES;
				IPHONEOS_DEPLOYMENT_TARGET = 16.4;
				MTL_ENABLE_DEBUG_INFO = NO;
				MTL_FAST_MATH = YES;
				SDKROOT = iphoneos;
				SWIFT_COMPILATION_MODE = wholemodule;
				SWIFT_OPTIMIZATION_LEVEL = "-O";
				VALIDATE_PRODUCT = YES;
			};
			name = Release;
		};
		A9FB58A92AF9141D0077B700 /* Debug */ = {
			isa = XCBuildConfiguration;
			buildSettings = {
				ASSETCATALOG_COMPILER_APPICON_NAME = AppIcon;
				ASSETCATALOG_COMPILER_GLOBAL_ACCENT_COLOR_NAME = AccentColor;
				CODE_SIGN_STYLE = Automatic;
				CURRENT_PROJECT_VERSION = 1;
				DEVELOPMENT_TEAM = 2MZZ36MSKF;
				GENERATE_INFOPLIST_FILE = YES;
				INFOPLIST_FILE = MovieApp/Info.plist;
				INFOPLIST_KEY_UIApplicationSupportsIndirectInputEvents = YES;
				INFOPLIST_KEY_UILaunchStoryboardName = LaunchScreen;
				INFOPLIST_KEY_UIMainStoryboardFile = Main;
				INFOPLIST_KEY_UISupportedInterfaceOrientations_iPad = "UIInterfaceOrientationPortrait UIInterfaceOrientationPortraitUpsideDown UIInterfaceOrientationLandscapeLeft UIInterfaceOrientationLandscapeRight";
				INFOPLIST_KEY_UISupportedInterfaceOrientations_iPhone = "UIInterfaceOrientationPortrait UIInterfaceOrientationLandscapeLeft UIInterfaceOrientationLandscapeRight";
				LD_RUNPATH_SEARCH_PATHS = (
					"$(inherited)",
					"@executable_path/Frameworks",
				);
				MARKETING_VERSION = 1.0;
				PRODUCT_BUNDLE_IDENTIFIER = com.emincan.MovieApp;
				PRODUCT_NAME = "$(TARGET_NAME)";
				SWIFT_EMIT_LOC_STRINGS = YES;
				SWIFT_VERSION = 5.0;
				TARGETED_DEVICE_FAMILY = "1,2";
			};
			name = Debug;
		};
		A9FB58AA2AF9141D0077B700 /* Release */ = {
			isa = XCBuildConfiguration;
			buildSettings = {
				ASSETCATALOG_COMPILER_APPICON_NAME = AppIcon;
				ASSETCATALOG_COMPILER_GLOBAL_ACCENT_COLOR_NAME = AccentColor;
				CODE_SIGN_STYLE = Automatic;
				CURRENT_PROJECT_VERSION = 1;
				DEVELOPMENT_TEAM = 2MZZ36MSKF;
				GENERATE_INFOPLIST_FILE = YES;
				INFOPLIST_FILE = MovieApp/Info.plist;
				INFOPLIST_KEY_UIApplicationSupportsIndirectInputEvents = YES;
				INFOPLIST_KEY_UILaunchStoryboardName = LaunchScreen;
				INFOPLIST_KEY_UIMainStoryboardFile = Main;
				INFOPLIST_KEY_UISupportedInterfaceOrientations_iPad = "UIInterfaceOrientationPortrait UIInterfaceOrientationPortraitUpsideDown UIInterfaceOrientationLandscapeLeft UIInterfaceOrientationLandscapeRight";
				INFOPLIST_KEY_UISupportedInterfaceOrientations_iPhone = "UIInterfaceOrientationPortrait UIInterfaceOrientationLandscapeLeft UIInterfaceOrientationLandscapeRight";
				LD_RUNPATH_SEARCH_PATHS = (
					"$(inherited)",
					"@executable_path/Frameworks",
				);
				MARKETING_VERSION = 1.0;
				PRODUCT_BUNDLE_IDENTIFIER = com.emincan.MovieApp;
				PRODUCT_NAME = "$(TARGET_NAME)";
				SWIFT_EMIT_LOC_STRINGS = YES;
				SWIFT_VERSION = 5.0;
				TARGETED_DEVICE_FAMILY = "1,2";
			};
			name = Release;
		};
		A9FB58AC2AF9141D0077B700 /* Debug */ = {
			isa = XCBuildConfiguration;
			buildSettings = {
				ALWAYS_EMBED_SWIFT_STANDARD_LIBRARIES = YES;
				BUNDLE_LOADER = "$(TEST_HOST)";
				CODE_SIGN_STYLE = Automatic;
				CURRENT_PROJECT_VERSION = 1;
				DEVELOPMENT_TEAM = 2MZZ36MSKF;
				GENERATE_INFOPLIST_FILE = YES;
				IPHONEOS_DEPLOYMENT_TARGET = 16.4;
				MARKETING_VERSION = 1.0;
				PRODUCT_BUNDLE_IDENTIFIER = com.emincan.MovieAppTests;
				PRODUCT_NAME = "$(TARGET_NAME)";
				SWIFT_EMIT_LOC_STRINGS = NO;
				SWIFT_VERSION = 5.0;
				TARGETED_DEVICE_FAMILY = "1,2";
				TEST_HOST = "$(BUILT_PRODUCTS_DIR)/MovieApp.app/$(BUNDLE_EXECUTABLE_FOLDER_PATH)/MovieApp";
			};
			name = Debug;
		};
		A9FB58AD2AF9141D0077B700 /* Release */ = {
			isa = XCBuildConfiguration;
			buildSettings = {
				ALWAYS_EMBED_SWIFT_STANDARD_LIBRARIES = YES;
				BUNDLE_LOADER = "$(TEST_HOST)";
				CODE_SIGN_STYLE = Automatic;
				CURRENT_PROJECT_VERSION = 1;
				DEVELOPMENT_TEAM = 2MZZ36MSKF;
				GENERATE_INFOPLIST_FILE = YES;
				IPHONEOS_DEPLOYMENT_TARGET = 16.4;
				MARKETING_VERSION = 1.0;
				PRODUCT_BUNDLE_IDENTIFIER = com.emincan.MovieAppTests;
				PRODUCT_NAME = "$(TARGET_NAME)";
				SWIFT_EMIT_LOC_STRINGS = NO;
				SWIFT_VERSION = 5.0;
				TARGETED_DEVICE_FAMILY = "1,2";
				TEST_HOST = "$(BUILT_PRODUCTS_DIR)/MovieApp.app/$(BUNDLE_EXECUTABLE_FOLDER_PATH)/MovieApp";
			};
			name = Release;
		};
		A9FB58AF2AF9141D0077B700 /* Debug */ = {
			isa = XCBuildConfiguration;
			buildSettings = {
				ALWAYS_EMBED_SWIFT_STANDARD_LIBRARIES = YES;
				CODE_SIGN_STYLE = Automatic;
				CURRENT_PROJECT_VERSION = 1;
				DEVELOPMENT_TEAM = 2MZZ36MSKF;
				GENERATE_INFOPLIST_FILE = YES;
				MARKETING_VERSION = 1.0;
				PRODUCT_BUNDLE_IDENTIFIER = com.emincan.MovieAppUITests;
				PRODUCT_NAME = "$(TARGET_NAME)";
				SWIFT_EMIT_LOC_STRINGS = NO;
				SWIFT_VERSION = 5.0;
				TARGETED_DEVICE_FAMILY = "1,2";
				TEST_TARGET_NAME = MovieApp;
			};
			name = Debug;
		};
		A9FB58B02AF9141D0077B700 /* Release */ = {
			isa = XCBuildConfiguration;
			buildSettings = {
				ALWAYS_EMBED_SWIFT_STANDARD_LIBRARIES = YES;
				CODE_SIGN_STYLE = Automatic;
				CURRENT_PROJECT_VERSION = 1;
				DEVELOPMENT_TEAM = 2MZZ36MSKF;
				GENERATE_INFOPLIST_FILE = YES;
				MARKETING_VERSION = 1.0;
				PRODUCT_BUNDLE_IDENTIFIER = com.emincan.MovieAppUITests;
				PRODUCT_NAME = "$(TARGET_NAME)";
				SWIFT_EMIT_LOC_STRINGS = NO;
				SWIFT_VERSION = 5.0;
				TARGETED_DEVICE_FAMILY = "1,2";
				TEST_TARGET_NAME = MovieApp;
			};
			name = Release;
		};
/* End XCBuildConfiguration section */

/* Begin XCConfigurationList section */
		A9FB58792AF9141C0077B700 /* Build configuration list for PBXProject "MovieApp" */ = {
			isa = XCConfigurationList;
			buildConfigurations = (
				A9FB58A62AF9141D0077B700 /* Debug */,
				A9FB58A72AF9141D0077B700 /* Release */,
			);
			defaultConfigurationIsVisible = 0;
			defaultConfigurationName = Release;
		};
		A9FB58A82AF9141D0077B700 /* Build configuration list for PBXNativeTarget "MovieApp" */ = {
			isa = XCConfigurationList;
			buildConfigurations = (
				A9FB58A92AF9141D0077B700 /* Debug */,
				A9FB58AA2AF9141D0077B700 /* Release */,
			);
			defaultConfigurationIsVisible = 0;
			defaultConfigurationName = Release;
		};
		A9FB58AB2AF9141D0077B700 /* Build configuration list for PBXNativeTarget "MovieAppTests" */ = {
			isa = XCConfigurationList;
			buildConfigurations = (
				A9FB58AC2AF9141D0077B700 /* Debug */,
				A9FB58AD2AF9141D0077B700 /* Release */,
			);
			defaultConfigurationIsVisible = 0;
			defaultConfigurationName = Release;
		};
		A9FB58AE2AF9141D0077B700 /* Build configuration list for PBXNativeTarget "MovieAppUITests" */ = {
			isa = XCConfigurationList;
			buildConfigurations = (
				A9FB58AF2AF9141D0077B700 /* Debug */,
				A9FB58B02AF9141D0077B700 /* Release */,
			);
			defaultConfigurationIsVisible = 0;
			defaultConfigurationName = Release;
		};
/* End XCConfigurationList section */

/* Begin XCRemoteSwiftPackageReference section */
		A98FA7722AFAD321001D24B8 /* XCRemoteSwiftPackageReference "SDWebImage" */ = {
			isa = XCRemoteSwiftPackageReference;
			repositoryURL = "https://github.com/SDWebImage/SDWebImage.git";
			requirement = {
				kind = upToNextMajorVersion;
				minimumVersion = 5.0.0;
			};
		};
/* End XCRemoteSwiftPackageReference section */

/* Begin XCSwiftPackageProductDependency section */
		A98FA7732AFAD321001D24B8 /* SDWebImage */ = {
			isa = XCSwiftPackageProductDependency;
			package = A98FA7722AFAD321001D24B8 /* XCRemoteSwiftPackageReference "SDWebImage" */;
			productName = SDWebImage;
		};
		A98FA7832AFB891C001D24B8 /* SDWebImage */ = {
			isa = XCSwiftPackageProductDependency;
			package = A98FA7722AFAD321001D24B8 /* XCRemoteSwiftPackageReference "SDWebImage" */;
			productName = SDWebImage;
		};
/* End XCSwiftPackageProductDependency section */
	};
	rootObject = A9FB58762AF9141C0077B700 /* Project object */;
}
